// !$*UTF8*$!
{
	archiveVersion = 1;
	classes = {
	};
	objectVersion = 50;
	objects = {

/* Begin PBXBuildFile section */
		6736D03C22E1210500D45BA7 /* LaunchScreen.swift in Sources */ = {isa = PBXBuildFile; fileRef = 6736D03B22E1210500D45BA7 /* LaunchScreen.swift */; };
		6736D04022E128C700D45BA7 /* NewYorkerRSS.xml in Resources */ = {isa = PBXBuildFile; fileRef = 6736D03F22E128C700D45BA7 /* NewYorkerRSS.xml */; };
		6736D04222E138BD00D45BA7 /* BlowKiss.wav in Resources */ = {isa = PBXBuildFile; fileRef = 6736D04122E138BD00D45BA7 /* BlowKiss.wav */; };
		6736D04422E139CF00D45BA7 /* SnoozeViewController.swift in Sources */ = {isa = PBXBuildFile; fileRef = 6736D04322E139CF00D45BA7 /* SnoozeViewController.swift */; };
		67459F6822E117DE00E32EB6 /* Parser.swift in Sources */ = {isa = PBXBuildFile; fileRef = 67459F6722E117DE00E32EB6 /* Parser.swift */; };
		6778606722E4C36800376A6F /* WebViewController.swift in Sources */ = {isa = PBXBuildFile; fileRef = 6778606622E4C36800376A6F /* WebViewController.swift */; };
		677E7B2A22DF6617008C1F86 /* StandardTableViewController.swift in Sources */ = {isa = PBXBuildFile; fileRef = 677E7B2922DF6617008C1F86 /* StandardTableViewController.swift */; };
		677E7B3222DFD6E3008C1F86 /* FeedCard.swift in Sources */ = {isa = PBXBuildFile; fileRef = 677E7B3122DFD6E3008C1F86 /* FeedCard.swift */; };
		678B9F1522D25B6800F75611 /* AppDelegate.swift in Sources */ = {isa = PBXBuildFile; fileRef = 678B9F1422D25B6800F75611 /* AppDelegate.swift */; };
		678B9F1A22D25B6800F75611 /* Main.storyboard in Resources */ = {isa = PBXBuildFile; fileRef = 678B9F1822D25B6800F75611 /* Main.storyboard */; };
		678B9F1C22D25B6900F75611 /* Assets.xcassets in Resources */ = {isa = PBXBuildFile; fileRef = 678B9F1B22D25B6900F75611 /* Assets.xcassets */; };
		678B9F2722D25B7F00F75611 /* SoundManager.swift in Sources */ = {isa = PBXBuildFile; fileRef = 678B9F2622D25B7F00F75611 /* SoundManager.swift */; };
		678B9F2B22D25E0E00F75611 /* BeachSound.wav in Resources */ = {isa = PBXBuildFile; fileRef = 678B9F2A22D25E0E00F75611 /* BeachSound.wav */; };
		679704CC22E232D200DC63FF /* LotsOfKisses.wav in Resources */ = {isa = PBXBuildFile; fileRef = 679704CB22E232D200DC63FF /* LotsOfKisses.wav */; };
		679704D022E27E2000DC63FF /* CustomTableViewController.swift in Sources */ = {isa = PBXBuildFile; fileRef = 679704CF22E27E2000DC63FF /* CustomTableViewController.swift */; };
		67F15DD622E412F4001EE0C1 /* RSSDetails.swift in Sources */ = {isa = PBXBuildFile; fileRef = 67F15DD522E412F4001EE0C1 /* RSSDetails.swift */; };
/* End PBXBuildFile section */

/* Begin PBXFileReference section */
		6736D03B22E1210500D45BA7 /* LaunchScreen.swift */ = {isa = PBXFileReference; lastKnownFileType = sourcecode.swift; path = LaunchScreen.swift; sourceTree = "<group>"; };
		6736D03F22E128C700D45BA7 /* NewYorkerRSS.xml */ = {isa = PBXFileReference; lastKnownFileType = text.xml; path = NewYorkerRSS.xml; sourceTree = "<group>"; };
		6736D04122E138BD00D45BA7 /* BlowKiss.wav */ = {isa = PBXFileReference; lastKnownFileType = audio.wav; path = BlowKiss.wav; sourceTree = "<group>"; };
		6736D04322E139CF00D45BA7 /* SnoozeViewController.swift */ = {isa = PBXFileReference; lastKnownFileType = sourcecode.swift; path = SnoozeViewController.swift; sourceTree = "<group>"; };
		67459F6722E117DE00E32EB6 /* Parser.swift */ = {isa = PBXFileReference; lastKnownFileType = sourcecode.swift; path = Parser.swift; sourceTree = "<group>"; };
		6778606622E4C36800376A6F /* WebViewController.swift */ = {isa = PBXFileReference; lastKnownFileType = sourcecode.swift; path = WebViewController.swift; sourceTree = "<group>"; };
		677E7B2922DF6617008C1F86 /* StandardTableViewController.swift */ = {isa = PBXFileReference; lastKnownFileType = sourcecode.swift; path = StandardTableViewController.swift; sourceTree = "<group>"; };
		677E7B3122DFD6E3008C1F86 /* FeedCard.swift */ = {isa = PBXFileReference; lastKnownFileType = sourcecode.swift; path = FeedCard.swift; sourceTree = "<group>"; };
		678B9F1122D25B6800F75611 /* Morning.app */ = {isa = PBXFileReference; explicitFileType = wrapper.application; includeInIndex = 0; path = Morning.app; sourceTree = BUILT_PRODUCTS_DIR; };
		678B9F1422D25B6800F75611 /* AppDelegate.swift */ = {isa = PBXFileReference; lastKnownFileType = sourcecode.swift; path = AppDelegate.swift; sourceTree = "<group>"; };
		678B9F1922D25B6800F75611 /* Base */ = {isa = PBXFileReference; lastKnownFileType = file.storyboard; name = Base; path = Base.lproj/Main.storyboard; sourceTree = "<group>"; };
		678B9F1B22D25B6900F75611 /* Assets.xcassets */ = {isa = PBXFileReference; lastKnownFileType = folder.assetcatalog; path = Assets.xcassets; sourceTree = "<group>"; };
		678B9F2022D25B6900F75611 /* Info.plist */ = {isa = PBXFileReference; lastKnownFileType = text.plist.xml; path = Info.plist; sourceTree = "<group>"; };
		678B9F2622D25B7F00F75611 /* SoundManager.swift */ = {isa = PBXFileReference; lastKnownFileType = sourcecode.swift; path = SoundManager.swift; sourceTree = "<group>"; };
		678B9F2A22D25E0E00F75611 /* BeachSound.wav */ = {isa = PBXFileReference; lastKnownFileType = audio.wav; path = BeachSound.wav; sourceTree = "<group>"; };
		679704CB22E232D200DC63FF /* LotsOfKisses.wav */ = {isa = PBXFileReference; lastKnownFileType = audio.wav; path = LotsOfKisses.wav; sourceTree = "<group>"; };
		679704CF22E27E2000DC63FF /* CustomTableViewController.swift */ = {isa = PBXFileReference; lastKnownFileType = sourcecode.swift; path = CustomTableViewController.swift; sourceTree = "<group>"; };
		67F15DD522E412F4001EE0C1 /* RSSDetails.swift */ = {isa = PBXFileReference; lastKnownFileType = sourcecode.swift; path = RSSDetails.swift; sourceTree = "<group>"; };
/* End PBXFileReference section */

/* Begin PBXFrameworksBuildPhase section */
		678B9F0E22D25B6800F75611 /* Frameworks */ = {
			isa = PBXFrameworksBuildPhase;
			buildActionMask = 2147483647;
			files = (
			);
			runOnlyForDeploymentPostprocessing = 0;
		};
/* End PBXFrameworksBuildPhase section */

/* Begin PBXGroup section */
		678B9F0822D25B6800F75611 = {
			isa = PBXGroup;
			children = (
				6736D03F22E128C700D45BA7 /* NewYorkerRSS.xml */,
				678B9F1322D25B6800F75611 /* Morning */,
				678B9F1222D25B6800F75611 /* Products */,
			);
			sourceTree = "<group>";
		};
		678B9F1222D25B6800F75611 /* Products */ = {
			isa = PBXGroup;
			children = (
				678B9F1122D25B6800F75611 /* Morning.app */,
			);
			name = Products;
			sourceTree = "<group>";
		};
		678B9F1322D25B6800F75611 /* Morning */ = {
			isa = PBXGroup;
			children = (
				677E7B3122DFD6E3008C1F86 /* FeedCard.swift */,
				67F15DD522E412F4001EE0C1 /* RSSDetails.swift */,
				67459F6722E117DE00E32EB6 /* Parser.swift */,
				678B9F1822D25B6800F75611 /* Main.storyboard */,
				6736D03B22E1210500D45BA7 /* LaunchScreen.swift */,
				6736D04322E139CF00D45BA7 /* SnoozeViewController.swift */,
				679704CF22E27E2000DC63FF /* CustomTableViewController.swift */,
				677E7B2922DF6617008C1F86 /* StandardTableViewController.swift */,
				6778606622E4C36800376A6F /* WebViewController.swift */,
				678B9F1B22D25B6900F75611 /* Assets.xcassets */,
				678B9F2622D25B7F00F75611 /* SoundManager.swift */,
				6736D04122E138BD00D45BA7 /* BlowKiss.wav */,
				679704CB22E232D200DC63FF /* LotsOfKisses.wav */,
				678B9F2A22D25E0E00F75611 /* BeachSound.wav */,
				678B9F1422D25B6800F75611 /* AppDelegate.swift */,
				678B9F2022D25B6900F75611 /* Info.plist */,
			);
			path = Morning;
			sourceTree = "<group>";
		};
/* End PBXGroup section */

/* Begin PBXNativeTarget section */
		678B9F1022D25B6800F75611 /* Morning */ = {
			isa = PBXNativeTarget;
			buildConfigurationList = 678B9F2322D25B6900F75611 /* Build configuration list for PBXNativeTarget "Morning" */;
			buildPhases = (
				678B9F0D22D25B6800F75611 /* Sources */,
				678B9F0E22D25B6800F75611 /* Frameworks */,
				678B9F0F22D25B6800F75611 /* Resources */,
			);
			buildRules = (
			);
			dependencies = (
			);
			name = Morning;
			productName = Morning;
			productReference = 678B9F1122D25B6800F75611 /* Morning.app */;
			productType = "com.apple.product-type.application";
		};
/* End PBXNativeTarget section */

/* Begin PBXProject section */
		678B9F0922D25B6800F75611 /* Project object */ = {
			isa = PBXProject;
			attributes = {
				LastSwiftUpdateCheck = 1020;
				LastUpgradeCheck = 1020;
				ORGANIZATIONNAME = "Capucine Chatard";
				TargetAttributes = {
					678B9F1022D25B6800F75611 = {
						CreatedOnToolsVersion = 10.2.1;
					};
				};
			};
			buildConfigurationList = 678B9F0C22D25B6800F75611 /* Build configuration list for PBXProject "Morning" */;
			compatibilityVersion = "Xcode 9.3";
			developmentRegion = en;
			hasScannedForEncodings = 0;
			knownRegions = (
				en,
				Base,
			);
			mainGroup = 678B9F0822D25B6800F75611;
			productRefGroup = 678B9F1222D25B6800F75611 /* Products */;
			projectDirPath = "";
			projectRoot = "";
			targets = (
				678B9F1022D25B6800F75611 /* Morning */,
			);
		};
/* End PBXProject section */

/* Begin PBXResourcesBuildPhase section */
		678B9F0F22D25B6800F75611 /* Resources */ = {
			isa = PBXResourcesBuildPhase;
			buildActionMask = 2147483647;
			files = (
				6736D04022E128C700D45BA7 /* NewYorkerRSS.xml in Resources */,
				679704CC22E232D200DC63FF /* LotsOfKisses.wav in Resources */,
				678B9F1C22D25B6900F75611 /* Assets.xcassets in Resources */,
				678B9F2B22D25E0E00F75611 /* BeachSound.wav in Resources */,
				6736D04222E138BD00D45BA7 /* BlowKiss.wav in Resources */,
				678B9F1A22D25B6800F75611 /* Main.storyboard in Resources */,
			);
			runOnlyForDeploymentPostprocessing = 0;
		};
/* End PBXResourcesBuildPhase section */

/* Begin PBXSourcesBuildPhase section */
		678B9F0D22D25B6800F75611 /* Sources */ = {
			isa = PBXSourcesBuildPhase;
			buildActionMask = 2147483647;
			files = (
				678B9F1522D25B6800F75611 /* AppDelegate.swift in Sources */,
				6736D04422E139CF00D45BA7 /* SnoozeViewController.swift in Sources */,
				67459F6822E117DE00E32EB6 /* Parser.swift in Sources */,
				6778606722E4C36800376A6F /* WebViewController.swift in Sources */,
				678B9F2722D25B7F00F75611 /* SoundManager.swift in Sources */,
				679704D022E27E2000DC63FF /* CustomTableViewController.swift in Sources */,
				6736D03C22E1210500D45BA7 /* LaunchScreen.swift in Sources */,
				677E7B2A22DF6617008C1F86 /* StandardTableViewController.swift in Sources */,
				67F15DD622E412F4001EE0C1 /* RSSDetails.swift in Sources */,
				677E7B3222DFD6E3008C1F86 /* FeedCard.swift in Sources */,
			);
			runOnlyForDeploymentPostprocessing = 0;
		};
/* End PBXSourcesBuildPhase section */

/* Begin PBXVariantGroup section */
		678B9F1822D25B6800F75611 /* Main.storyboard */ = {
			isa = PBXVariantGroup;
			children = (
				678B9F1922D25B6800F75611 /* Base */,
			);
			name = Main.storyboard;
			sourceTree = "<group>";
		};
/* End PBXVariantGroup section */

/* Begin XCBuildConfiguration section */
		678B9F2122D25B6900F75611 /* Debug */ = {
			isa = XCBuildConfiguration;
			buildSettings = {
				ALWAYS_SEARCH_USER_PATHS = NO;
				CLANG_ANALYZER_NONNULL = YES;
				CLANG_ANALYZER_NUMBER_OBJECT_CONVERSION = YES_AGGRESSIVE;
				CLANG_CXX_LANGUAGE_STANDARD = "gnu++14";
				CLANG_CXX_LIBRARY = "libc++";
				CLANG_ENABLE_MODULES = YES;
				CLANG_ENABLE_OBJC_ARC = YES;
				CLANG_ENABLE_OBJC_WEAK = YES;
				CLANG_WARN_BLOCK_CAPTURE_AUTORELEASING = YES;
				CLANG_WARN_BOOL_CONVERSION = YES;
				CLANG_WARN_COMMA = YES;
				CLANG_WARN_CONSTANT_CONVERSION = YES;
				CLANG_WARN_DEPRECATED_OBJC_IMPLEMENTATIONS = YES;
				CLANG_WARN_DIRECT_OBJC_ISA_USAGE = YES_ERROR;
				CLANG_WARN_DOCUMENTATION_COMMENTS = YES;
				CLANG_WARN_EMPTY_BODY = YES;
				CLANG_WARN_ENUM_CONVERSION = YES;
				CLANG_WARN_INFINITE_RECURSION = YES;
				CLANG_WARN_INT_CONVERSION = YES;
				CLANG_WARN_NON_LITERAL_NULL_CONVERSION = YES;
				CLANG_WARN_OBJC_IMPLICIT_RETAIN_SELF = YES;
				CLANG_WARN_OBJC_LITERAL_CONVERSION = YES;
				CLANG_WARN_OBJC_ROOT_CLASS = YES_ERROR;
				CLANG_WARN_RANGE_LOOP_ANALYSIS = YES;
				CLANG_WARN_STRICT_PROTOTYPES = YES;
				CLANG_WARN_SUSPICIOUS_MOVE = YES;
				CLANG_WARN_UNGUARDED_AVAILABILITY = YES_AGGRESSIVE;
				CLANG_WARN_UNREACHABLE_CODE = YES;
				CLANG_WARN__DUPLICATE_METHOD_MATCH = YES;
				CODE_SIGN_IDENTITY = "iPhone Developer";
				COPY_PHASE_STRIP = NO;
				DEBUG_INFORMATION_FORMAT = dwarf;
				ENABLE_STRICT_OBJC_MSGSEND = YES;
				ENABLE_TESTABILITY = YES;
				GCC_C_LANGUAGE_STANDARD = gnu11;
				GCC_DYNAMIC_NO_PIC = NO;
				GCC_NO_COMMON_BLOCKS = YES;
				GCC_OPTIMIZATION_LEVEL = 0;
				GCC_PREPROCESSOR_DEFINITIONS = (
					"DEBUG=1",
					"$(inherited)",
				);
				GCC_WARN_64_TO_32_BIT_CONVERSION = YES;
				GCC_WARN_ABOUT_RETURN_TYPE = YES_ERROR;
				GCC_WARN_UNDECLARED_SELECTOR = YES;
				GCC_WARN_UNINITIALIZED_AUTOS = YES_AGGRESSIVE;
				GCC_WARN_UNUSED_FUNCTION = YES;
				GCC_WARN_UNUSED_VARIABLE = YES;
				IPHONEOS_DEPLOYMENT_TARGET = 12.2;
				MTL_ENABLE_DEBUG_INFO = INCLUDE_SOURCE;
				MTL_FAST_MATH = YES;
				ONLY_ACTIVE_ARCH = YES;
				SDKROOT = iphoneos;
				SWIFT_ACTIVE_COMPILATION_CONDITIONS = DEBUG;
				SWIFT_OPTIMIZATION_LEVEL = "-Onone";
			};
			name = Debug;
		};
		678B9F2222D25B6900F75611 /* Release */ = {
			isa = XCBuildConfiguration;
			buildSettings = {
				ALWAYS_SEARCH_USER_PATHS = NO;
				CLANG_ANALYZER_NONNULL = YES;
				CLANG_ANALYZER_NUMBER_OBJECT_CONVERSION = YES_AGGRESSIVE;
				CLANG_CXX_LANGUAGE_STANDARD = "gnu++14";
				CLANG_CXX_LIBRARY = "libc++";
				CLANG_ENABLE_MODULES = YES;
				CLANG_ENABLE_OBJC_ARC = YES;
				CLANG_ENABLE_OBJC_WEAK = YES;
				CLANG_WARN_BLOCK_CAPTURE_AUTORELEASING = YES;
				CLANG_WARN_BOOL_CONVERSION = YES;
				CLANG_WARN_COMMA = YES;
				CLANG_WARN_CONSTANT_CONVERSION = YES;
				CLANG_WARN_DEPRECATED_OBJC_IMPLEMENTATIONS = YES;
				CLANG_WARN_DIRECT_OBJC_ISA_USAGE = YES_ERROR;
				CLANG_WARN_DOCUMENTATION_COMMENTS = YES;
				CLANG_WARN_EMPTY_BODY = YES;
				CLANG_WARN_ENUM_CONVERSION = YES;
				CLANG_WARN_INFINITE_RECURSION = YES;
				CLANG_WARN_INT_CONVERSION = YES;
				CLANG_WARN_NON_LITERAL_NULL_CONVERSION = YES;
				CLANG_WARN_OBJC_IMPLICIT_RETAIN_SELF = YES;
				CLANG_WARN_OBJC_LITERAL_CONVERSION = YES;
				CLANG_WARN_OBJC_ROOT_CLASS = YES_ERROR;
				CLANG_WARN_RANGE_LOOP_ANALYSIS = YES;
				CLANG_WARN_STRICT_PROTOTYPES = YES;
				CLANG_WARN_SUSPICIOUS_MOVE = YES;
				CLANG_WARN_UNGUARDED_AVAILABILITY = YES_AGGRESSIVE;
				CLANG_WARN_UNREACHABLE_CODE = YES;
				CLANG_WARN__DUPLICATE_METHOD_MATCH = YES;
				CODE_SIGN_IDENTITY = "iPhone Developer";
				COPY_PHASE_STRIP = NO;
				DEBUG_INFORMATION_FORMAT = "dwarf-with-dsym";
				ENABLE_NS_ASSERTIONS = NO;
				ENABLE_STRICT_OBJC_MSGSEND = YES;
				GCC_C_LANGUAGE_STANDARD = gnu11;
				GCC_NO_COMMON_BLOCKS = YES;
				GCC_WARN_64_TO_32_BIT_CONVERSION = YES;
				GCC_WARN_ABOUT_RETURN_TYPE = YES_ERROR;
				GCC_WARN_UNDECLARED_SELECTOR = YES;
				GCC_WARN_UNINITIALIZED_AUTOS = YES_AGGRESSIVE;
				GCC_WARN_UNUSED_FUNCTION = YES;
				GCC_WARN_UNUSED_VARIABLE = YES;
				IPHONEOS_DEPLOYMENT_TARGET = 12.2;
				MTL_ENABLE_DEBUG_INFO = NO;
				MTL_FAST_MATH = YES;
				SDKROOT = iphoneos;
				SWIFT_COMPILATION_MODE = wholemodule;
				SWIFT_OPTIMIZATION_LEVEL = "-O";
				VALIDATE_PRODUCT = YES;
			};
			name = Release;
		};
		678B9F2422D25B6900F75611 /* Debug */ = {
			isa = XCBuildConfiguration;
			buildSettings = {
				ASSETCATALOG_COMPILER_APPICON_NAME = AppIcon;
				CODE_SIGN_STYLE = Automatic;
				DEVELOPMENT_TEAM = KX3KJLA7ZP;
				INFOPLIST_FILE = Morning/Info.plist;
				LD_RUNPATH_SEARCH_PATHS = (
					"$(inherited)",
					"@executable_path/Frameworks",
				);
				PRODUCT_BUNDLE_IDENTIFIER = Com.Capucine.Morning;
				PRODUCT_NAME = "$(TARGET_NAME)";
				SWIFT_VERSION = 5.0;
				TARGETED_DEVICE_FAMILY = "1,2";
			};
			name = Debug;
		};
		678B9F2522D25B6900F75611 /* Release */ = {
			isa = XCBuildConfiguration;
			buildSettings = {
				ASSETCATALOG_COMPILER_APPICON_NAME = AppIcon;
				CODE_SIGN_STYLE = Automatic;
				DEVELOPMENT_TEAM = KX3KJLA7ZP;
				INFOPLIST_FILE = Morning/Info.plist;
				LD_RUNPATH_SEARCH_PATHS = (
					"$(inherited)",
					"@executable_path/Frameworks",
				);
				PRODUCT_BUNDLE_IDENTIFIER = Com.Capucine.Morning;
				PRODUCT_NAME = "$(TARGET_NAME)";
				SWIFT_VERSION = 5.0;
				TARGETED_DEVICE_FAMILY = "1,2";
			};
			name = Release;
		};
/* End XCBuildConfiguration section */

/* Begin XCConfigurationList section */
		678B9F0C22D25B6800F75611 /* Build configuration list for PBXProject "Morning" */ = {
			isa = XCConfigurationList;
			buildConfigurations = (
				678B9F2122D25B6900F75611 /* Debug */,
				678B9F2222D25B6900F75611 /* Release */,
			);
			defaultConfigurationIsVisible = 0;
			defaultConfigurationName = Release;
		};
		678B9F2322D25B6900F75611 /* Build configuration list for PBXNativeTarget "Morning" */ = {
			isa = XCConfigurationList;
			buildConfigurations = (
				678B9F2422D25B6900F75611 /* Debug */,
				678B9F2522D25B6900F75611 /* Release */,
			);
			defaultConfigurationIsVisible = 0;
			defaultConfigurationName = Release;
		};
/* End XCConfigurationList section */
	};
	rootObject = 678B9F0922D25B6800F75611 /* Project object */;
}
